
Microsoft Visual Studio Solution File, Format Version 12.00
# Visual Studio Version 16
VisualStudioVersion = 16.0.31205.134
MinimumVisualStudioVersion = 10.0.40219.1
Project("{FAE04EC0-301F-11D3-BF4B-00C04F79EFBC}") = "MuckModMenu", "MuckModMenu\MuckModMenu.csproj", "{28232505-2544-4BCE-B068-A0E68D61B64D}"
EndProject
Global
	GlobalSection(SolutionConfigurationPlatforms) = preSolution
		Debug|Any CPU = Debug|Any CPU
		Release|Any CPU = Release|Any CPU
	EndGlobalSection
	GlobalSection(ProjectConfigurationPlatforms) = postSolution
		{28232505-2544-4BCE-B068-A0E68D61B64D}.Debug|Any CPU.ActiveCfg = Debug|Any CPU
		{28232505-2544-4BCE-B068-A0E68D61B64D}.Debug|Any CPU.Build.0 = Debug|Any CPU
		{28232505-2544-4BCE-B068-A0E68D61B64D}.Release|Any CPU.ActiveCfg = Release|Any CPU
		{28232505-2544-4BCE-B068-A0E68D61B64D}.Release|Any CPU.Build.0 = Release|Any CPU
	EndGlobalSection
	GlobalSection(SolutionProperties) = preSolution
		HideSolutionNode = FALSE
	EndGlobalSection
	GlobalSection(ExtensibilityGlobals) = postSolution
		SolutionGuid = {4921B92C-CBC0-4171-82A9-BCA6D1DE786E}
	EndGlobalSection
EndGlobal
